
Microsoft Visual Studio Solution File, Format Version 11.00
# Visual Studio 2010
Project("{FAE04EC0-301F-11D3-BF4B-00C04F79EFBC}") = "SharpPromise", "SharpPromise\SharpPromise.csproj", "{2C58688F-D180-4EFD-8575-6C0CC3C50A03}"
EndProject
Project("{FAE04EC0-301F-11D3-BF4B-00C04F79EFBC}") = "SharpPromiseTest", "SharpPromiseTest\SharpPromiseTest.csproj", "{10029D97-CE20-4699-952B-4A042EDA9D7B}"
EndProject
Global
	GlobalSection(SolutionConfigurationPlatforms) = preSolution
		Debug|Any CPU = Debug|Any CPU
		Release|Any CPU = Release|Any CPU
	EndGlobalSection
	GlobalSection(ProjectConfigurationPlatforms) = postSolution
		{10029D97-CE20-4699-952B-4A042EDA9D7B}.Debug|Any CPU.ActiveCfg = Debug|Any CPU
		{10029D97-CE20-4699-952B-4A042EDA9D7B}.Debug|Any CPU.Build.0 = Debug|Any CPU
		{10029D97-CE20-4699-952B-4A042EDA9D7B}.Release|Any CPU.ActiveCfg = Release|Any CPU
		{10029D97-CE20-4699-952B-4A042EDA9D7B}.Release|Any CPU.Build.0 = Release|Any CPU
		{2C58688F-D180-4EFD-8575-6C0CC3C50A03}.Debug|Any CPU.ActiveCfg = Debug|Any CPU
		{2C58688F-D180-4EFD-8575-6C0CC3C50A03}.Debug|Any CPU.Build.0 = Debug|Any CPU
		{2C58688F-D180-4EFD-8575-6C0CC3C50A03}.Release|Any CPU.ActiveCfg = Release|Any CPU
		{2C58688F-D180-4EFD-8575-6C0CC3C50A03}.Release|Any CPU.Build.0 = Release|Any CPU
	EndGlobalSection
	GlobalSection(MonoDevelopProperties) = preSolution
		StartupItem = SharpPromise\SharpPromise.csproj
	EndGlobalSection
EndGlobal
